
Microsoft Visual Studio Solution File, Format Version 12.00
# Visual Studio Version 17
VisualStudioVersion = 17.0.31903.59
MinimumVisualStudioVersion = 10.0.40219.1
Project("{9A19103F-16F7-4668-BE54-9A1E7A4F7556}") = "Day1", "Day1\Day1.csproj", "{A8E3F47C-C660-4ADB-8CE8-87FEF2F24315}"
EndProject
Project("{9A19103F-16F7-4668-BE54-9A1E7A4F7556}") = "Day2", "Day2\Day2.csproj", "{E3073FAE-E5EA-463D-AD8D-770A11C90AE8}"
EndProject
Project("{FAE04EC0-301F-11D3-BF4B-00C04F79EFBC}") = "Day3", "Day3\Day3.csproj", "{7FE49DB6-9DD5-4226-A1EE-DBB2550D48D5}"
EndProject
Project("{FAE04EC0-301F-11D3-BF4B-00C04F79EFBC}") = "Day4", "Day4\Day4.csproj", "{10A66984-3055-464C-B4CA-2D621ABCDCE5}"
EndProject
Project("{FAE04EC0-301F-11D3-BF4B-00C04F79EFBC}") = "Day5", "Day5\Day5.csproj", "{35BEB5DD-CBA3-483C-9E87-6FE89C4C6433}"
EndProject
Project("{FAE04EC0-301F-11D3-BF4B-00C04F79EFBC}") = "Day6", "Day6\Day6.csproj", "{1C77415E-12F3-4E3E-94AF-195BD96E8C9B}"
EndProject
Project("{2150E333-8FDC-42A3-9474-1A3956D46DE8}") = "Templates", "Templates", "{B5763205-9254-479D-84F0-E9A01E72EA4E}"
	ProjectSection(SolutionItems) = preProject
		input.txt = input.txt
		Program.cs = Program.cs
	EndProjectSection
EndProject
Project("{FAE04EC0-301F-11D3-BF4B-00C04F79EFBC}") = "Day7", "Day7\Day7.csproj", "{7DCB5B8F-66F2-43C0-8858-3428D3CB8149}"
EndProject
Project("{FAE04EC0-301F-11D3-BF4B-00C04F79EFBC}") = "Day8", "Day8\Day8.csproj", "{E45D0F52-CF29-4EA1-BE57-7109FF130F54}"
EndProject
Project("{FAE04EC0-301F-11D3-BF4B-00C04F79EFBC}") = "Day9", "Day9\Day9.csproj", "{57C1F70F-1C36-40C5-935B-A06884695414}"
EndProject
Global
	GlobalSection(SolutionConfigurationPlatforms) = preSolution
		Debug|Any CPU = Debug|Any CPU
		Release|Any CPU = Release|Any CPU
	EndGlobalSection
	GlobalSection(ProjectConfigurationPlatforms) = postSolution
		{A8E3F47C-C660-4ADB-8CE8-87FEF2F24315}.Debug|Any CPU.ActiveCfg = Debug|Any CPU
		{A8E3F47C-C660-4ADB-8CE8-87FEF2F24315}.Debug|Any CPU.Build.0 = Debug|Any CPU
		{A8E3F47C-C660-4ADB-8CE8-87FEF2F24315}.Release|Any CPU.ActiveCfg = Release|Any CPU
		{A8E3F47C-C660-4ADB-8CE8-87FEF2F24315}.Release|Any CPU.Build.0 = Release|Any CPU
		{E3073FAE-E5EA-463D-AD8D-770A11C90AE8}.Debug|Any CPU.ActiveCfg = Debug|Any CPU
		{E3073FAE-E5EA-463D-AD8D-770A11C90AE8}.Debug|Any CPU.Build.0 = Debug|Any CPU
		{E3073FAE-E5EA-463D-AD8D-770A11C90AE8}.Release|Any CPU.ActiveCfg = Release|Any CPU
		{E3073FAE-E5EA-463D-AD8D-770A11C90AE8}.Release|Any CPU.Build.0 = Release|Any CPU
		{7FE49DB6-9DD5-4226-A1EE-DBB2550D48D5}.Debug|Any CPU.ActiveCfg = Debug|Any CPU
		{7FE49DB6-9DD5-4226-A1EE-DBB2550D48D5}.Debug|Any CPU.Build.0 = Debug|Any CPU
		{7FE49DB6-9DD5-4226-A1EE-DBB2550D48D5}.Release|Any CPU.ActiveCfg = Release|Any CPU
		{7FE49DB6-9DD5-4226-A1EE-DBB2550D48D5}.Release|Any CPU.Build.0 = Release|Any CPU
		{10A66984-3055-464C-B4CA-2D621ABCDCE5}.Debug|Any CPU.ActiveCfg = Debug|Any CPU
		{10A66984-3055-464C-B4CA-2D621ABCDCE5}.Debug|Any CPU.Build.0 = Debug|Any CPU
		{10A66984-3055-464C-B4CA-2D621ABCDCE5}.Release|Any CPU.ActiveCfg = Release|Any CPU
		{10A66984-3055-464C-B4CA-2D621ABCDCE5}.Release|Any CPU.Build.0 = Release|Any CPU
		{35BEB5DD-CBA3-483C-9E87-6FE89C4C6433}.Debug|Any CPU.ActiveCfg = Debug|Any CPU
		{35BEB5DD-CBA3-483C-9E87-6FE89C4C6433}.Debug|Any CPU.Build.0 = Debug|Any CPU
		{35BEB5DD-CBA3-483C-9E87-6FE89C4C6433}.Release|Any CPU.ActiveCfg = Release|Any CPU
		{35BEB5DD-CBA3-483C-9E87-6FE89C4C6433}.Release|Any CPU.Build.0 = Release|Any CPU
		{1C77415E-12F3-4E3E-94AF-195BD96E8C9B}.Debug|Any CPU.ActiveCfg = Debug|Any CPU
		{1C77415E-12F3-4E3E-94AF-195BD96E8C9B}.Debug|Any CPU.Build.0 = Debug|Any CPU
		{1C77415E-12F3-4E3E-94AF-195BD96E8C9B}.Release|Any CPU.ActiveCfg = Release|Any CPU
		{1C77415E-12F3-4E3E-94AF-195BD96E8C9B}.Release|Any CPU.Build.0 = Release|Any CPU
		{7DCB5B8F-66F2-43C0-8858-3428D3CB8149}.Debug|Any CPU.ActiveCfg = Debug|Any CPU
		{7DCB5B8F-66F2-43C0-8858-3428D3CB8149}.Debug|Any CPU.Build.0 = Debug|Any CPU
		{7DCB5B8F-66F2-43C0-8858-3428D3CB8149}.Release|Any CPU.ActiveCfg = Release|Any CPU
		{7DCB5B8F-66F2-43C0-8858-3428D3CB8149}.Release|Any CPU.Build.0 = Release|Any CPU
		{E45D0F52-CF29-4EA1-BE57-7109FF130F54}.Debug|Any CPU.ActiveCfg = Debug|Any CPU
		{E45D0F52-CF29-4EA1-BE57-7109FF130F54}.Debug|Any CPU.Build.0 = Debug|Any CPU
		{E45D0F52-CF29-4EA1-BE57-7109FF130F54}.Release|Any CPU.ActiveCfg = Release|Any CPU
		{E45D0F52-CF29-4EA1-BE57-7109FF130F54}.Release|Any CPU.Build.0 = Release|Any CPU
		{57C1F70F-1C36-40C5-935B-A06884695414}.Debug|Any CPU.ActiveCfg = Debug|Any CPU
		{57C1F70F-1C36-40C5-935B-A06884695414}.Debug|Any CPU.Build.0 = Debug|Any CPU
		{57C1F70F-1C36-40C5-935B-A06884695414}.Release|Any CPU.ActiveCfg = Release|Any CPU
		{57C1F70F-1C36-40C5-935B-A06884695414}.Release|Any CPU.Build.0 = Release|Any CPU
	EndGlobalSection
	GlobalSection(SolutionProperties) = preSolution
		HideSolutionNode = FALSE
	EndGlobalSection
	GlobalSection(ExtensibilityGlobals) = postSolution
		SolutionGuid = {FCD9D4CF-C180-4062-BC92-E52E0D3FE4F2}
	EndGlobalSection
EndGlobal
